{"check_results":null,"lineage":"8f3d1c2a-1b4e-4c9a-9f2b-7e6d5c4b3a21","outputs":{"web_url":{"value":"http://web.example.com","type":"string"},"vpc_id":{"value":"vpc-0aa11bb22","type":"string"}},"resources":[{"instances":[{"index_key":0,"schema_version":1,"attributes":{"id":"i-0a1b2c3d4e5f60001","instance_type":"t3.micro","ami":"ami-0abcd1234","availability_zone":"us-east-1a","tags":{"Name":"web-0","env":"prod"}}},{"index_key":1,"schema_version":1,"attributes":{"id":"i-0a1b2c3d4e5f60002","instance_type":"t3.micro","ami":"ami-0abcd1234","availability_zone":"us-east-1b","tags":{"Name":"web-1","env":"prod"}}}],"mode":"managed","name":"web","provider":"provider[\"registry.terraform.io/hashicorp/aws\"]","type":"aws_instance"},{"instances":[{"schema_version":0,"attributes":{"id":"acme-assets-9f2b","bucket":"acme-assets-9f2b","region":"us-east-1"}}],"mode":"managed","name":"assets","provider":"provider[\"registry.terraform.io/hashicorp/aws\"]","type":"aws_s3_bucket"},{"instances":[{"schema_version":1,"attributes":{"id":"sg-0123456789","name":"web-sg","vpc_id":"vpc-0aa11bb22"}}],"mode":"managed","name":"website","provider":"provider[\"registry.terraform.io/hashicorp/aws\"]","type":"aws_security_group"},{"instances":[{"schema_version":0,"attributes":{"id":"helpful-mongoose","length":2,"separator":"-"}}],"mode":"managed","name":"suffix","provider":"provider[\"registry.terraform.io/hashicorp/random\"]","type":"random_pet"},{"instances":[{"schema_version":0,"attributes":{"id":"7785885987350819130","triggers":null}}],"mode":"managed","name":"provisioner","provider":"provider[\"registry.terraform.io/hashicorp/null\"]","type":"null_resource"},{"instances":[{"schema_version":0,"attributes":{"id":"ami-0abcd1234","most_recent":true,"owners":["099720109477"]}}],"mode":"data","name":"ubuntu","provider":"provider[\"registry.terraform.io/hashicorp/aws\"]","type":"aws_ami"},{"instances":[{"schema_version":1,"attributes":{"id":"vpc-0aa11bb22","cidr_block":"10.0.0.0/16","tags":{"Name":"core"}}}],"mode":"managed","module":"module.network","name":"this","provider":"provider[\"registry.terraform.io/hashicorp/aws\"]","type":"aws_vpc"},{"instances":[{"index_key":0,"schema_version":1,"attributes":{"id":"subnet-0aa0001","cidr_block":"10.0.1.0/24","vpc_id":"vpc-0aa11bb22","availability_zone":"us-east-1a"}},{"index_key":1,"schema_version":1,"attributes":{"id":"subnet-0aa0002","cidr_block":"10.0.2.0/24","vpc_id":"vpc-0aa11bb22","availability_zone":"us-east-1b"}}],"mode":"managed","module":"module.network","name":"public","provider":"provider[\"registry.terraform.io/hashicorp/aws\"]","type":"aws_subnet"}],"serial":43,"terraform_version":"1.9.5","version":4}